
Microsoft Visual Studio Solution File, Format Version 12.00
# Visual Studio Version 16
VisualStudioVersion = 16.0.31019.35
MinimumVisualStudioVersion = 10.0.40219.1
Project("{FAE04EC0-301F-11D3-BF4B-00C04F79EFBC}") = "DesignPattern", "DesignPattern\DesignPattern.csproj", "{DF83F3AD-F928-4AFB-8420-26612E91AFAF}"
EndProject
Project("{FAE04EC0-301F-11D3-BF4B-00C04F79EFBC}") = "DesignPatternTest", "DesignPatternTest\DesignPatternTest.csproj", "{1CC74476-FD2E-4E7A-99C0-56E6DF5A3A6A}"
EndProject
Global
	GlobalSection(SolutionConfigurationPlatforms) = preSolution
		Debug|Any CPU = Debug|Any CPU
		Release|Any CPU = Release|Any CPU
	EndGlobalSection
	GlobalSection(ProjectConfigurationPlatforms) = postSolution
		{DF83F3AD-F928-4AFB-8420-26612E91AFAF}.Debug|Any CPU.ActiveCfg = Debug|Any CPU
		{DF83F3AD-F928-4AFB-8420-26612E91AFAF}.Debug|Any CPU.Build.0 = Debug|Any CPU
		{DF83F3AD-F928-4AFB-8420-26612E91AFAF}.Release|Any CPU.ActiveCfg = Release|Any CPU
		{DF83F3AD-F928-4AFB-8420-26612E91AFAF}.Release|Any CPU.Build.0 = Release|Any CPU
		{1CC74476-FD2E-4E7A-99C0-56E6DF5A3A6A}.Debug|Any CPU.ActiveCfg = Debug|Any CPU
		{1CC74476-FD2E-4E7A-99C0-56E6DF5A3A6A}.Debug|Any CPU.Build.0 = Debug|Any CPU
		{1CC74476-FD2E-4E7A-99C0-56E6DF5A3A6A}.Release|Any CPU.ActiveCfg = Release|Any CPU
		{1CC74476-FD2E-4E7A-99C0-56E6DF5A3A6A}.Release|Any CPU.Build.0 = Release|Any CPU
	EndGlobalSection
	GlobalSection(SolutionProperties) = preSolution
		HideSolutionNode = FALSE
	EndGlobalSection
	GlobalSection(ExtensibilityGlobals) = postSolution
		SolutionGuid = {01DA1C6F-95DD-4721-9D99-FCB00D346BA7}
	EndGlobalSection
EndGlobal
